{
  "name": "svg-sample",
  "version": "1.0.0",
  "lockfileVersion": 2,
  "requires": true,
  "packages": {
    "": {
      "version": "1.0.0",
      "license": "ISC",
      "dependencies": {
        "@akashic-extension/akashic-box2d": "^3.0.0"
      }
    },
    "node_modules/@akashic-extension/akashic-box2d": {
      "version": "3.0.0",
      "resolved": "https://registry.npmjs.org/@akashic-extension/akashic-box2d/-/akashic-box2d-3.0.0.tgz",
      "integrity": "sha512-tMxp1+h33XtjxmgOoZK/P9L+gcepPdX6QanFOjYEOsJ6wryDRO5Qw5GBfh96nbvRxeaIG7PaHsMyE8wFkg3L3g==",
      "dependencies": {
        "@akashic/akashic-engine": "~3.0.0",
        "box2dweb": "~2.1.0-b"
      }
    },
    "node_modules/@akashic/akashic-engine": {
      "version": "3.0.4",
      "resolved": "https://registry.npmjs.org/@akashic/akashic-engine/-/akashic-engine-3.0.4.tgz",
      "integrity": "sha512-+MJXeDnKvGwe0D5QAbCfprq+2gu6wDl+SwSbtQdvnDrPbN7rT11MxaabatHBFQvZAvuSwSdvL0iu2VBpxV9WZg==",
      "dependencies": {
        "@akashic/pdi-types": "~1.1.1",
        "@akashic/playlog": "~3.1.0",
        "@akashic/trigger": "~1.0.0"
      }
    },
    "node_modules/@akashic/amflow": {
      "version": "3.0.0",
      "resolved": "https://registry.npmjs.org/@akashic/amflow/-/amflow-3.0.0.tgz",
      "integrity": "sha512-0QZYEx6jPTC/mt7H5k1QKM5N6keZG+NTZdwoKO37909sBzdb/DUmCpWXCw0nD6G1ftBkXUZFIQYwU8LesaDVlQ==",
      "dependencies": {
        "@akashic/playlog": "~3.1.0"
      }
    },
    "node_modules/@akashic/pdi-types": {
      "version": "1.1.1",
      "resolved": "https://registry.npmjs.org/@akashic/pdi-types/-/pdi-types-1.1.1.tgz",
      "integrity": "sha512-fMwflzmpaRAJqUfq5dJvGxFAle7mcwey0suLTxG/1UDfMeI6U0H/4sjKV0E+OfW6PkYbm9VkGn88MLIaogZVnw==",
      "dependencies": {
        "@akashic/amflow": "~3.0.0",
        "@akashic/playlog": "~3.1.0",
        "@akashic/trigger": "~1.0.0"
      }
    },
    "node_modules/@akashic/playlog": {
      "version": "3.1.0",
      "resolved": "https://registry.npmjs.org/@akashic/playlog/-/playlog-3.1.0.tgz",
      "integrity": "sha512-O0gByaFr8Cq7Xc9QVg2MamhxZIssfFXvGSEegyJhUz787xCQ4SK5R0fdN0cUMoPJJBay/6W17scG1G8ndxC24g=="
    },
    "node_modules/@akashic/trigger": {
      "version": "1.0.0",
      "resolved": "https://registry.npmjs.org/@akashic/trigger/-/trigger-1.0.0.tgz",
      "integrity": "sha512-BjWM5iVBLTuW/jqiKjCdjNbTTY8uGF6ocBMKxYpyz1sGWmtGNLxS+w1uw83zdxeQfyNXHD+8aRYRh5Wgt+Gafw=="
    },
    "node_modules/box2dweb": {
      "version": "2.1.0-b",
      "resolved": "https://registry.npmjs.org/box2dweb/-/box2dweb-2.1.0-b.tgz",
      "integrity": "sha1-p7VpmieyEPXFR5FF360xMqb1R40="
    }
  },
  "dependencies": {
    "@akashic-extension/akashic-box2d": {
      "version": "3.0.0",
      "resolved": "https://registry.npmjs.org/@akashic-extension/akashic-box2d/-/akashic-box2d-3.0.0.tgz",
      "integrity": "sha512-tMxp1+h33XtjxmgOoZK/P9L+gcepPdX6QanFOjYEOsJ6wryDRO5Qw5GBfh96nbvRxeaIG7PaHsMyE8wFkg3L3g==",
      "requires": {
        "@akashic/akashic-engine": "~3.0.0",
        "box2dweb": "~2.1.0-b"
      }
    },
    "@akashic/akashic-engine": {
      "version": "3.0.4",
      "resolved": "https://registry.npmjs.org/@akashic/akashic-engine/-/akashic-engine-3.0.4.tgz",
      "integrity": "sha512-+MJXeDnKvGwe0D5QAbCfprq+2gu6wDl+SwSbtQdvnDrPbN7rT11MxaabatHBFQvZAvuSwSdvL0iu2VBpxV9WZg==",
      "requires": {
        "@akashic/pdi-types": "~1.1.1",
        "@akashic/playlog": "~3.1.0",
        "@akashic/trigger": "~1.0.0"
      }
    },
    "@akashic/amflow": {
      "version": "3.0.0",
      "resolved": "https://registry.npmjs.org/@akashic/amflow/-/amflow-3.0.0.tgz",
      "integrity": "sha512-0QZYEx6jPTC/mt7H5k1QKM5N6keZG+NTZdwoKO37909sBzdb/DUmCpWXCw0nD6G1ftBkXUZFIQYwU8LesaDVlQ==",
      "requires": {
        "@akashic/playlog": "~3.1.0"
      }
    },
    "@akashic/pdi-types": {
      "version": "1.1.1",
      "resolved": "https://registry.npmjs.org/@akashic/pdi-types/-/pdi-types-1.1.1.tgz",
      "integrity": "sha512-fMwflzmpaRAJqUfq5dJvGxFAle7mcwey0suLTxG/1UDfMeI6U0H/4sjKV0E+OfW6PkYbm9VkGn88MLIaogZVnw==",
      "requires": {
        "@akashic/amflow": "~3.0.0",
        "@akashic/playlog": "~3.1.0",
        "@akashic/trigger": "~1.0.0"
      }
    },
    "@akashic/playlog": {
      "version": "3.1.0",
      "resolved": "https://registry.npmjs.org/@akashic/playlog/-/playlog-3.1.0.tgz",
      "integrity": "sha512-O0gByaFr8Cq7Xc9QVg2MamhxZIssfFXvGSEegyJhUz787xCQ4SK5R0fdN0cUMoPJJBay/6W17scG1G8ndxC24g=="
    },
    "@akashic/trigger": {
      "version": "1.0.0",
      "resolved": "https://registry.npmjs.org/@akashic/trigger/-/trigger-1.0.0.tgz",
      "integrity": "sha512-BjWM5iVBLTuW/jqiKjCdjNbTTY8uGF6ocBMKxYpyz1sGWmtGNLxS+w1uw83zdxeQfyNXHD+8aRYRh5Wgt+Gafw=="
    },
    "box2dweb": {
      "version": "2.1.0-b",
      "resolved": "https://registry.npmjs.org/box2dweb/-/box2dweb-2.1.0-b.tgz",
      "integrity": "sha1-p7VpmieyEPXFR5FF360xMqb1R40="
    }
  }
}
